{
  "version": 4,
  "terraform_version": "1.7.5",
  "serial": 206,
  "lineage": "d85c1ae9-d0fe-f3eb-2196-aa793900eda2",
  "outputs": {
    "public_dns": {
      "value": "ec2-44-198-193-177.compute-1.amazonaws.com",
      "type": "string"
    },
    "public_dns_server_subnet_1": {
      "value": "ec2-3-238-164-47.compute-1.amazonaws.com",
      "type": "string"
    },
    "public_ip": {
      "value": "44.198.193.177",
      "type": "string"
    },
    "public_ip_server_subnet_1": {
      "value": "3.238.164.47",
      "type": "string"
    }
  },
  "resources": [
    {
      "mode": "data",
      "type": "aws_ami",
      "name": "ubuntu",
      "provider": "provider[\"registry.terraform.io/hashicorp/aws\"]",
      "instances": [
        {
          "schema_version": 0,
          "attributes": {
            "architecture": "x86_64",
            "arn": "arn:aws:ec2:us-east-1::image/ami-06f8dce63a6b60467",
            "block_device_mappings": [
              {
                "device_name": "/dev/sda1",
                "ebs": {
                  "delete_on_termination": "true",
                  "encrypted": "false",
                  "iops": "0",
                  "snapshot_id": "snap-0a985211cbd8c37a8",
                  "throughput": "0",
                  "volume_size": "8",
                  "volume_type": "gp2"
                },
                "no_device": "",
                "virtual_name": ""
              },
              {
                "device_name": "/dev/sdb",
                "ebs": {},
                "no_device": "",
                "virtual_name": "ephemeral0"
              },
              {
                "device_name": "/dev/sdc",
                "ebs": {},
                "no_device": "",
                "virtual_name": "ephemeral1"
              }
            ],
            "boot_mode": "legacy-bios",
            "creation_date": "2024-03-21T22:43:42.000Z",
            "deprecation_time": "2026-03-21T22:43:42.000Z",
            "description": "Canonical, Ubuntu, 20.04 LTS, amd64 focal image build on 2024-03-21",
            "ena_support": true,
            "executable_users": null,
            "filter": [
              {
                "name": "name",
                "values": [
                  "ubuntu/images/hvm-ssd/ubuntu-focal-20.04-amd64-server-*"
                ]
              },
              {
                "name": "virtualization-type",
                "values": [
                  "hvm"
                ]
              }
            ],
            "hypervisor": "xen",
            "id": "ami-06f8dce63a6b60467",
            "image_id": "ami-06f8dce63a6b60467",
            "image_location": "amazon/ubuntu/images/hvm-ssd/ubuntu-focal-20.04-amd64-server-20240321",
            "image_owner_alias": "amazon",
            "image_type": "machine",
            "imds_support": "",
            "include_deprecated": false,
            "kernel_id": "",
            "most_recent": true,
            "name": "ubuntu/images/hvm-ssd/ubuntu-focal-20.04-amd64-server-20240321",
            "name_regex": null,
            "owner_id": "099720109477",
            "owners": [
              "099720109477"
            ],
            "platform": "",
            "platform_details": "Linux/UNIX",
            "product_codes": [],
            "public": true,
            "ramdisk_id": "",
            "root_device_name": "/dev/sda1",
            "root_device_type": "ebs",
            "root_snapshot_id": "snap-0a985211cbd8c37a8",
            "sriov_net_support": "simple",
            "state": "available",
            "state_reason": {
              "code": "UNSET",
              "message": "UNSET"
            },
            "tags": {},
            "timeouts": null,
            "tpm_support": "",
            "usage_operation": "RunInstances",
            "virtualization_type": "hvm"
          },
          "sensitive_attributes": []
        }
      ]
    },
    {
      "mode": "data",
      "type": "aws_availability_zones",
      "name": "available",
      "provider": "provider[\"registry.terraform.io/hashicorp/aws\"]",
      "instances": [
        {
          "schema_version": 0,
          "attributes": {
            "all_availability_zones": null,
            "exclude_names": null,
            "exclude_zone_ids": null,
            "filter": null,
            "group_names": [
              "us-east-1"
            ],
            "id": "us-east-1",
            "names": [
              "us-east-1a",
              "us-east-1b",
              "us-east-1c",
              "us-east-1d",
              "us-east-1e",
              "us-east-1f"
            ],
            "state": null,
            "timeouts": null,
            "zone_ids": [
              "use1-az6",
              "use1-az1",
              "use1-az2",
              "use1-az4",
              "use1-az3",
              "use1-az5"
            ]
          },
          "sensitive_attributes": []
        }
      ]
    },
    {
      "mode": "data",
      "type": "aws_region",
      "name": "current",
      "provider": "provider[\"registry.terraform.io/hashicorp/aws\"]",
      "instances": [
        {
          "schema_version": 0,
          "attributes": {
            "description": "US East (N. Virginia)",
            "endpoint": "ec2.us-east-1.amazonaws.com",
            "id": "us-east-1",
            "name": "us-east-1"
          },
          "sensitive_attributes": []
        }
      ]
    },
    {
      "mode": "managed",
      "type": "aws_eip",
      "name": "nat_gateway_eip",
      "provider": "provider[\"registry.terraform.io/hashicorp/aws\"]",
      "instances": [
        {
          "schema_version": 0,
          "attributes": {
            "address": null,
            "allocation_id": "eipalloc-06e8bc7349f0ef840",
            "associate_with_private_ip": null,
            "association_id": "",
            "carrier_ip": "",
            "customer_owned_ip": "",
            "customer_owned_ipv4_pool": "",
            "domain": "vpc",
            "id": "eipalloc-06e8bc7349f0ef840",
            "instance": "",
            "network_border_group": "us-east-1",
            "network_interface": "",
            "private_dns": null,
            "private_ip": "",
            "public_dns": "ec2-23-23-230-112.compute-1.amazonaws.com",
            "public_ip": "23.23.230.112",
            "public_ipv4_pool": "amazon",
            "tags": {
              "Name": "demo_igw_eip"
            },
            "tags_all": {
              "Name": "demo_igw_eip"
            },
            "timeouts": null,
            "vpc": true
          },
          "sensitive_attributes": [],
          "private": "eyJlMmJmYjczMC1lY2FhLTExZTYtOGY4OC0zNDM2M2JjN2M0YzAiOnsiZGVsZXRlIjoxODAwMDAwMDAwMDAsInJlYWQiOjkwMDAwMDAwMDAwMCwidXBkYXRlIjozMDAwMDAwMDAwMDB9fQ==",
          "dependencies": [
            "aws_internet_gateway.internet_gateway",
            "aws_vpc.vpc"
          ]
        }
      ]
    },
    {
      "mode": "managed",
      "type": "aws_instance",
      "name": "ubuntu_server",
      "provider": "provider[\"registry.terraform.io/hashicorp/aws\"]",
      "instances": [
        {
          "schema_version": 1,
          "attributes": {
            "ami": "ami-06f8dce63a6b60467",
            "arn": "arn:aws:ec2:us-east-1:126946216053:instance/i-07bc00d0a5ad81cd8",
            "associate_public_ip_address": true,
            "availability_zone": "us-east-1b",
            "capacity_reservation_specification": [
              {
                "capacity_reservation_preference": "open",
                "capacity_reservation_target": []
              }
            ],
            "cpu_core_count": 1,
            "cpu_options": [
              {
                "amd_sev_snp": "",
                "core_count": 1,
                "threads_per_core": 1
              }
            ],
            "cpu_threads_per_core": 1,
            "credit_specification": [
              {
                "cpu_credits": "standard"
              }
            ],
            "disable_api_stop": false,
            "disable_api_termination": false,
            "ebs_block_device": [],
            "ebs_optimized": false,
            "enclave_options": [
              {
                "enabled": false
              }
            ],
            "ephemeral_block_device": [],
            "get_password_data": false,
            "hibernation": false,
            "host_id": "",
            "host_resource_group_arn": null,
            "iam_instance_profile": "",
            "id": "i-07bc00d0a5ad81cd8",
            "instance_initiated_shutdown_behavior": "stop",
            "instance_lifecycle": "",
            "instance_market_options": [],
            "instance_state": "running",
            "instance_type": "t2.micro",
            "ipv6_address_count": 0,
            "ipv6_addresses": [],
            "key_name": "MyAWSKey",
            "launch_template": [],
            "maintenance_options": [
              {
                "auto_recovery": "default"
              }
            ],
            "metadata_options": [
              {
                "http_endpoint": "enabled",
                "http_protocol_ipv6": "disabled",
                "http_put_response_hop_limit": 1,
                "http_tokens": "optional",
                "instance_metadata_tags": "disabled"
              }
            ],
            "monitoring": false,
            "network_interface": [],
            "outpost_arn": "",
            "password_data": "",
            "placement_group": "",
            "placement_partition_number": 0,
            "primary_network_interface_id": "eni-08d3f9a28ed4f39a5",
            "private_dns": "ip-10-0-101-194.ec2.internal",
            "private_dns_name_options": [
              {
                "enable_resource_name_dns_a_record": false,
                "enable_resource_name_dns_aaaa_record": false,
                "hostname_type": "ip-name"
              }
            ],
            "private_ip": "10.0.101.194",
            "public_dns": "ec2-44-198-193-177.compute-1.amazonaws.com",
            "public_ip": "44.198.193.177",
            "root_block_device": [
              {
                "delete_on_termination": true,
                "device_name": "/dev/sda1",
                "encrypted": false,
                "iops": 100,
                "kms_key_id": "",
                "tags": {},
                "tags_all": {},
                "throughput": 0,
                "volume_id": "vol-0140740c933ef1306",
                "volume_size": 8,
                "volume_type": "gp2"
              }
            ],
            "secondary_private_ips": [],
            "security_groups": [
              "sg-056d43d95572cd667",
              "sg-05c75028997cdfabe",
              "sg-09b58eb3e816001da"
            ],
            "source_dest_check": true,
            "spot_instance_request_id": "",
            "subnet_id": "subnet-0c9ef1e94223c9a9b",
            "tags": {
              "Name": "Ubuntu EC2 Server"
            },
            "tags_all": {
              "Name": "Ubuntu EC2 Server"
            },
            "tenancy": "default",
            "timeouts": null,
            "user_data": null,
            "user_data_base64": null,
            "user_data_replace_on_change": false,
            "volume_tags": null,
            "vpc_security_group_ids": [
              "sg-056d43d95572cd667",
              "sg-05c75028997cdfabe",
              "sg-09b58eb3e816001da"
            ]
          },
          "sensitive_attributes": [],
          "private": "eyJlMmJmYjczMC1lY2FhLTExZTYtOGY4OC0zNDM2M2JjN2M0YzAiOnsiY3JlYXRlIjo2MDAwMDAwMDAwMDAsImRlbGV0ZSI6MTIwMDAwMDAwMDAwMCwicmVhZCI6OTAwMDAwMDAwMDAwLCJ1cGRhdGUiOjYwMDAwMDAwMDAwMH0sInNjaGVtYV92ZXJzaW9uIjoiMSJ9",
          "dependencies": [
            "aws_key_pair.generated",
            "aws_security_group.ingress-ssh",
            "aws_security_group.vpc-ping",
            "aws_security_group.vpc-web",
            "aws_subnet.public_subnets",
            "aws_vpc.vpc",
            "data.aws_ami.ubuntu",
            "data.aws_availability_zones.available",
            "local_file.private_key_pem",
            "tls_private_key.generated"
          ]
        }
      ]
    },
    {
      "mode": "managed",
      "type": "aws_instance",
      "name": "web_server",
      "provider": "provider[\"registry.terraform.io/hashicorp/aws\"]",
      "instances": [
        {
          "schema_version": 1,
          "attributes": {
            "ami": "ami-06f8dce63a6b60467",
            "arn": "arn:aws:ec2:us-east-1:126946216053:instance/i-0727742d46cb277b0",
            "associate_public_ip_address": true,
            "availability_zone": "us-east-1b",
            "capacity_reservation_specification": [
              {
                "capacity_reservation_preference": "open",
                "capacity_reservation_target": []
              }
            ],
            "cpu_core_count": 1,
            "cpu_options": [
              {
                "amd_sev_snp": "",
                "core_count": 1,
                "threads_per_core": 1
              }
            ],
            "cpu_threads_per_core": 1,
            "credit_specification": [
              {
                "cpu_credits": "standard"
              }
            ],
            "disable_api_stop": false,
            "disable_api_termination": false,
            "ebs_block_device": [],
            "ebs_optimized": false,
            "enclave_options": [
              {
                "enabled": false
              }
            ],
            "ephemeral_block_device": [],
            "get_password_data": false,
            "hibernation": false,
            "host_id": "",
            "host_resource_group_arn": null,
            "iam_instance_profile": "",
            "id": "i-0727742d46cb277b0",
            "instance_initiated_shutdown_behavior": "stop",
            "instance_lifecycle": "",
            "instance_market_options": [],
            "instance_state": "running",
            "instance_type": "t2.micro",
            "ipv6_address_count": 0,
            "ipv6_addresses": [],
            "key_name": "MyAWSKey",
            "launch_template": [],
            "maintenance_options": [
              {
                "auto_recovery": "default"
              }
            ],
            "metadata_options": [
              {
                "http_endpoint": "enabled",
                "http_protocol_ipv6": "disabled",
                "http_put_response_hop_limit": 1,
                "http_tokens": "optional",
                "instance_metadata_tags": "disabled"
              }
            ],
            "monitoring": false,
            "network_interface": [],
            "outpost_arn": "",
            "password_data": "",
            "placement_group": "",
            "placement_partition_number": 0,
            "primary_network_interface_id": "eni-05e186ddb8ff7b432",
            "private_dns": "ip-10-0-101-26.ec2.internal",
            "private_dns_name_options": [
              {
                "enable_resource_name_dns_a_record": false,
                "enable_resource_name_dns_aaaa_record": false,
                "hostname_type": "ip-name"
              }
            ],
            "private_ip": "10.0.101.26",
            "public_dns": "ec2-3-238-164-47.compute-1.amazonaws.com",
            "public_ip": "3.238.164.47",
            "root_block_device": [
              {
                "delete_on_termination": true,
                "device_name": "/dev/sda1",
                "encrypted": false,
                "iops": 100,
                "kms_key_id": "",
                "tags": {},
                "tags_all": {},
                "throughput": 0,
                "volume_id": "vol-04bd2886986e94f80",
                "volume_size": 8,
                "volume_type": "gp2"
              }
            ],
            "secondary_private_ips": [],
            "security_groups": [
              "sg-056d43d95572cd667",
              "sg-05c75028997cdfabe",
              "sg-09b58eb3e816001da"
            ],
            "source_dest_check": true,
            "spot_instance_request_id": "",
            "subnet_id": "subnet-0c9ef1e94223c9a9b",
            "tags": {
              "Name": "Web EC2 Server"
            },
            "tags_all": {
              "Name": "Web EC2 Server"
            },
            "tenancy": "default",
            "timeouts": null,
            "user_data": null,
            "user_data_base64": null,
            "user_data_replace_on_change": false,
            "volume_tags": null,
            "vpc_security_group_ids": [
              "sg-056d43d95572cd667",
              "sg-05c75028997cdfabe",
              "sg-09b58eb3e816001da"
            ]
          },
          "sensitive_attributes": [],
          "private": "eyJlMmJmYjczMC1lY2FhLTExZTYtOGY4OC0zNDM2M2JjN2M0YzAiOnsiY3JlYXRlIjo2MDAwMDAwMDAwMDAsImRlbGV0ZSI6MTIwMDAwMDAwMDAwMCwicmVhZCI6OTAwMDAwMDAwMDAwLCJ1cGRhdGUiOjYwMDAwMDAwMDAwMH0sInNjaGVtYV92ZXJzaW9uIjoiMSJ9",
          "dependencies": [
            "aws_key_pair.generated",
            "aws_security_group.ingress-ssh",
            "aws_security_group.vpc-ping",
            "aws_security_group.vpc-web",
            "aws_subnet.public_subnets",
            "aws_vpc.vpc",
            "data.aws_ami.ubuntu",
            "data.aws_availability_zones.available",
            "local_file.private_key_pem",
            "tls_private_key.generated"
          ]
        }
      ]
    },
    {
      "mode": "managed",
      "type": "aws_instance",
      "name": "web_server_2",
      "provider": "provider[\"registry.terraform.io/hashicorp/aws\"]",
      "instances": [
        {
          "schema_version": 1,
          "attributes": {
            "ami": "ami-06f8dce63a6b60467",
            "arn": "arn:aws:ec2:us-east-1:126946216053:instance/i-009f989cb2e733786",
            "associate_public_ip_address": true,
            "availability_zone": "us-east-1c",
            "capacity_reservation_specification": [
              {
                "capacity_reservation_preference": "open",
                "capacity_reservation_target": []
              }
            ],
            "cpu_core_count": 1,
            "cpu_options": [
              {
                "amd_sev_snp": "",
                "core_count": 1,
                "threads_per_core": 1
              }
            ],
            "cpu_threads_per_core": 1,
            "credit_specification": [
              {
                "cpu_credits": "standard"
              }
            ],
            "disable_api_stop": false,
            "disable_api_termination": false,
            "ebs_block_device": [],
            "ebs_optimized": false,
            "enclave_options": [
              {
                "enabled": false
              }
            ],
            "ephemeral_block_device": [],
            "get_password_data": false,
            "hibernation": false,
            "host_id": "",
            "host_resource_group_arn": null,
            "iam_instance_profile": "",
            "id": "i-009f989cb2e733786",
            "instance_initiated_shutdown_behavior": "stop",
            "instance_lifecycle": "",
            "instance_market_options": [],
            "instance_state": "running",
            "instance_type": "t2.micro",
            "ipv6_address_count": 0,
            "ipv6_addresses": [],
            "key_name": "",
            "launch_template": [],
            "maintenance_options": [
              {
                "auto_recovery": "default"
              }
            ],
            "metadata_options": [
              {
                "http_endpoint": "enabled",
                "http_protocol_ipv6": "disabled",
                "http_put_response_hop_limit": 1,
                "http_tokens": "optional",
                "instance_metadata_tags": "disabled"
              }
            ],
            "monitoring": false,
            "network_interface": [],
            "outpost_arn": "",
            "password_data": "",
            "placement_group": "",
            "placement_partition_number": 0,
            "primary_network_interface_id": "eni-0d7038a2d9abbac16",
            "private_dns": "ip-10-0-102-217.ec2.internal",
            "private_dns_name_options": [
              {
                "enable_resource_name_dns_a_record": false,
                "enable_resource_name_dns_aaaa_record": false,
                "hostname_type": "ip-name"
              }
            ],
            "private_ip": "10.0.102.217",
            "public_dns": "ec2-44-202-65-92.compute-1.amazonaws.com",
            "public_ip": "44.202.65.92",
            "root_block_device": [
              {
                "delete_on_termination": true,
                "device_name": "/dev/sda1",
                "encrypted": false,
                "iops": 100,
                "kms_key_id": "",
                "tags": {},
                "tags_all": {},
                "throughput": 0,
                "volume_id": "vol-0ac98752c57388ac1",
                "volume_size": 8,
                "volume_type": "gp2"
              }
            ],
            "secondary_private_ips": [],
            "security_groups": [],
            "source_dest_check": true,
            "spot_instance_request_id": "",
            "subnet_id": "subnet-0a4fafa65f80dbf46",
            "tags": {
              "Name": "Web EC2 Server 2"
            },
            "tags_all": {
              "Name": "Web EC2 Server 2"
            },
            "tenancy": "default",
            "timeouts": null,
            "user_data": null,
            "user_data_base64": null,
            "user_data_replace_on_change": false,
            "volume_tags": null,
            "vpc_security_group_ids": [
              "sg-055cedc59fd84c10e"
            ]
          },
          "sensitive_attributes": [],
          "private": "eyJlMmJmYjczMC1lY2FhLTExZTYtOGY4OC0zNDM2M2JjN2M0YzAiOnsiY3JlYXRlIjo2MDAwMDAwMDAwMDAsImRlbGV0ZSI6MTIwMDAwMDAwMDAwMCwicmVhZCI6OTAwMDAwMDAwMDAwLCJ1cGRhdGUiOjYwMDAwMDAwMDAwMH0sInNjaGVtYV92ZXJzaW9uIjoiMSJ9",
          "dependencies": [
            "aws_subnet.public_subnets",
            "aws_vpc.vpc",
            "data.aws_ami.ubuntu",
            "data.aws_availability_zones.available"
          ]
        }
      ]
    },
    {
      "mode": "managed",
      "type": "aws_internet_gateway",
      "name": "internet_gateway",
      "provider": "provider[\"registry.terraform.io/hashicorp/aws\"]",
      "instances": [
        {
          "schema_version": 0,
          "attributes": {
            "arn": "arn:aws:ec2:us-east-1:126946216053:internet-gateway/igw-0c3cb0cca9c297cfc",
            "id": "igw-0c3cb0cca9c297cfc",
            "owner_id": "126946216053",
            "tags": {
              "Name": "demo_igw"
            },
            "tags_all": {
              "Name": "demo_igw"
            },
            "timeouts": null,
            "vpc_id": "vpc-0eba75db8182af214"
          },
          "sensitive_attributes": [],
          "private": "eyJlMmJmYjczMC1lY2FhLTExZTYtOGY4OC0zNDM2M2JjN2M0YzAiOnsiY3JlYXRlIjoxMjAwMDAwMDAwMDAwLCJkZWxldGUiOjEyMDAwMDAwMDAwMDAsInVwZGF0ZSI6MTIwMDAwMDAwMDAwMH19",
          "dependencies": [
            "aws_vpc.vpc"
          ]
        }
      ]
    },
    {
      "mode": "managed",
      "type": "aws_key_pair",
      "name": "generated",
      "provider": "provider[\"registry.terraform.io/hashicorp/aws\"]",
      "instances": [
        {
          "schema_version": 1,
          "attributes": {
            "arn": "arn:aws:ec2:us-east-1:126946216053:key-pair/MyAWSKey",
            "fingerprint": "e1:0d:7a:71:57:04:bb:2f:71:bf:1d:6f:91:15:67:44",
            "id": "MyAWSKey",
            "key_name": "MyAWSKey",
            "key_name_prefix": "",
            "key_pair_id": "key-0578c04a349e46ee0",
            "key_type": "rsa",
            "public_key": "ssh-rsa AAAAB3NzaC1yc2EAAAADAQABAAABAQDHwc/RgXtQD4cY7mfWb9ndDrK14xna4POqM5JSWSS1OppacGrE6YKunXJ5QEn6FSjB2k3PDhuu+CiTbb+IclMPyYyEpRzMLLqJlwubHzBtaovSplZ8+yXtMS/RubXxfVdaePWm6sOomcv22r6WJrSko9c5r5L51wG47ij+ZgYRy4KE0uX0Li5R2DltgJSaVVJ0nyRkym50uI+xK1PxOaYN0Ovb40MIhPnVkW1i8BgTQqr0YV2PNWzYryzVbIWTnVskZQ4NrSnDf9t/OeEbnc2HS6uyG6AyftXK/Gq4MZalHPJlmI7kK0ZTa1iy4NvJRtJxpxhL4NIaguFqX1Z5UKr5",
            "tags": null,
            "tags_all": {}
          },
          "sensitive_attributes": [],
          "private": "eyJzY2hlbWFfdmVyc2lvbiI6IjEifQ==",
          "dependencies": [
            "tls_private_key.generated"
          ]
        }
      ]
    },
    {
      "mode": "managed",
      "type": "aws_nat_gateway",
      "name": "nat_gateway",
      "provider": "provider[\"registry.terraform.io/hashicorp/aws\"]",
      "instances": [
        {
          "schema_version": 0,
          "attributes": {
            "allocation_id": "eipalloc-06e8bc7349f0ef840",
            "association_id": "eipassoc-03cfb4d51e94e833e",
            "connectivity_type": "public",
            "id": "nat-0f24f33b4b9cdb7d8",
            "network_interface_id": "eni-07959e18e99ec2fc3",
            "private_ip": "10.0.101.47",
            "public_ip": "23.23.230.112",
            "secondary_allocation_ids": null,
            "secondary_private_ip_address_count": 0,
            "secondary_private_ip_addresses": [],
            "subnet_id": "subnet-0c9ef1e94223c9a9b",
            "tags": {
              "Name": "demo_nat_gateway"
            },
            "tags_all": {
              "Name": "demo_nat_gateway"
            },
            "timeouts": null
          },
          "sensitive_attributes": [],
          "private": "eyJlMmJmYjczMC1lY2FhLTExZTYtOGY4OC0zNDM2M2JjN2M0YzAiOnsiY3JlYXRlIjo2MDAwMDAwMDAwMDAsImRlbGV0ZSI6MTgwMDAwMDAwMDAwMCwidXBkYXRlIjo2MDAwMDAwMDAwMDB9fQ==",
          "dependencies": [
            "aws_eip.nat_gateway_eip",
            "aws_internet_gateway.internet_gateway",
            "aws_subnet.public_subnets",
            "aws_vpc.vpc",
            "data.aws_availability_zones.available"
          ]
        }
      ]
    },
    {
      "mode": "managed",
      "type": "aws_route_table",
      "name": "private_route_table",
      "provider": "provider[\"registry.terraform.io/hashicorp/aws\"]",
      "instances": [
        {
          "schema_version": 0,
          "attributes": {
            "arn": "arn:aws:ec2:us-east-1:126946216053:route-table/rtb-019a71a72a41e67cb",
            "id": "rtb-019a71a72a41e67cb",
            "owner_id": "126946216053",
            "propagating_vgws": [],
            "route": [
              {
                "carrier_gateway_id": "",
                "cidr_block": "0.0.0.0/0",
                "core_network_arn": "",
                "destination_prefix_list_id": "",
                "egress_only_gateway_id": "",
                "gateway_id": "",
                "ipv6_cidr_block": "",
                "local_gateway_id": "",
                "nat_gateway_id": "nat-0f24f33b4b9cdb7d8",
                "network_interface_id": "",
                "transit_gateway_id": "",
                "vpc_endpoint_id": "",
                "vpc_peering_connection_id": ""
              }
            ],
            "tags": {
              "Name": "demo_private_rtb",
              "Terraform": "true"
            },
            "tags_all": {
              "Name": "demo_private_rtb",
              "Terraform": "true"
            },
            "timeouts": null,
            "vpc_id": "vpc-0eba75db8182af214"
          },
          "sensitive_attributes": [],
          "private": "eyJlMmJmYjczMC1lY2FhLTExZTYtOGY4OC0zNDM2M2JjN2M0YzAiOnsiY3JlYXRlIjozMDAwMDAwMDAwMDAsImRlbGV0ZSI6MzAwMDAwMDAwMDAwLCJ1cGRhdGUiOjEyMDAwMDAwMDAwMH19",
          "dependencies": [
            "aws_eip.nat_gateway_eip",
            "aws_internet_gateway.internet_gateway",
            "aws_nat_gateway.nat_gateway",
            "aws_subnet.public_subnets",
            "aws_vpc.vpc",
            "data.aws_availability_zones.available"
          ]
        }
      ]
    },
    {
      "mode": "managed",
      "type": "aws_route_table",
      "name": "public_route_table",
      "provider": "provider[\"registry.terraform.io/hashicorp/aws\"]",
      "instances": [
        {
          "schema_version": 0,
          "attributes": {
            "arn": "arn:aws:ec2:us-east-1:126946216053:route-table/rtb-053fadc31f6c1aa40",
            "id": "rtb-053fadc31f6c1aa40",
            "owner_id": "126946216053",
            "propagating_vgws": [],
            "route": [
              {
                "carrier_gateway_id": "",
                "cidr_block": "0.0.0.0/0",
                "core_network_arn": "",
                "destination_prefix_list_id": "",
                "egress_only_gateway_id": "",
                "gateway_id": "igw-0c3cb0cca9c297cfc",
                "ipv6_cidr_block": "",
                "local_gateway_id": "",
                "nat_gateway_id": "",
                "network_interface_id": "",
                "transit_gateway_id": "",
                "vpc_endpoint_id": "",
                "vpc_peering_connection_id": ""
              }
            ],
            "tags": {
              "Name": "demo_public_rtb",
              "Terraform": "true"
            },
            "tags_all": {
              "Name": "demo_public_rtb",
              "Terraform": "true"
            },
            "timeouts": null,
            "vpc_id": "vpc-0eba75db8182af214"
          },
          "sensitive_attributes": [],
          "private": "eyJlMmJmYjczMC1lY2FhLTExZTYtOGY4OC0zNDM2M2JjN2M0YzAiOnsiY3JlYXRlIjozMDAwMDAwMDAwMDAsImRlbGV0ZSI6MzAwMDAwMDAwMDAwLCJ1cGRhdGUiOjEyMDAwMDAwMDAwMH19",
          "dependencies": [
            "aws_internet_gateway.internet_gateway",
            "aws_vpc.vpc"
          ]
        }
      ]
    },
    {
      "mode": "managed",
      "type": "aws_route_table_association",
      "name": "private",
      "provider": "provider[\"registry.terraform.io/hashicorp/aws\"]",
      "instances": [
        {
          "index_key": "private_subnet_1",
          "schema_version": 0,
          "attributes": {
            "gateway_id": "",
            "id": "rtbassoc-0346df4aef512f5df",
            "route_table_id": "rtb-019a71a72a41e67cb",
            "subnet_id": "subnet-0183eb73f4e1ed2b5",
            "timeouts": null
          },
          "sensitive_attributes": [],
          "private": "eyJlMmJmYjczMC1lY2FhLTExZTYtOGY4OC0zNDM2M2JjN2M0YzAiOnsiY3JlYXRlIjozMDAwMDAwMDAwMDAsImRlbGV0ZSI6MzAwMDAwMDAwMDAwLCJ1cGRhdGUiOjEyMDAwMDAwMDAwMH19",
          "dependencies": [
            "aws_eip.nat_gateway_eip",
            "aws_internet_gateway.internet_gateway",
            "aws_nat_gateway.nat_gateway",
            "aws_route_table.private_route_table",
            "aws_subnet.private_subnets",
            "aws_subnet.public_subnets",
            "aws_vpc.vpc",
            "data.aws_availability_zones.available"
          ]
        },
        {
          "index_key": "private_subnet_2",
          "schema_version": 0,
          "attributes": {
            "gateway_id": "",
            "id": "rtbassoc-01edb0fbf38c3286f",
            "route_table_id": "rtb-019a71a72a41e67cb",
            "subnet_id": "subnet-0e3203f26dc137e16",
            "timeouts": null
          },
          "sensitive_attributes": [],
          "private": "eyJlMmJmYjczMC1lY2FhLTExZTYtOGY4OC0zNDM2M2JjN2M0YzAiOnsiY3JlYXRlIjozMDAwMDAwMDAwMDAsImRlbGV0ZSI6MzAwMDAwMDAwMDAwLCJ1cGRhdGUiOjEyMDAwMDAwMDAwMH19",
          "dependencies": [
            "aws_eip.nat_gateway_eip",
            "aws_internet_gateway.internet_gateway",
            "aws_nat_gateway.nat_gateway",
            "aws_route_table.private_route_table",
            "aws_subnet.private_subnets",
            "aws_subnet.public_subnets",
            "aws_vpc.vpc",
            "data.aws_availability_zones.available"
          ]
        },
        {
          "index_key": "private_subnet_3",
          "schema_version": 0,
          "attributes": {
            "gateway_id": "",
            "id": "rtbassoc-0932879d5875b90a2",
            "route_table_id": "rtb-019a71a72a41e67cb",
            "subnet_id": "subnet-0c0cc49589ab9b152",
            "timeouts": null
          },
          "sensitive_attributes": [],
          "private": "eyJlMmJmYjczMC1lY2FhLTExZTYtOGY4OC0zNDM2M2JjN2M0YzAiOnsiY3JlYXRlIjozMDAwMDAwMDAwMDAsImRlbGV0ZSI6MzAwMDAwMDAwMDAwLCJ1cGRhdGUiOjEyMDAwMDAwMDAwMH19",
          "dependencies": [
            "aws_eip.nat_gateway_eip",
            "aws_internet_gateway.internet_gateway",
            "aws_nat_gateway.nat_gateway",
            "aws_route_table.private_route_table",
            "aws_subnet.private_subnets",
            "aws_subnet.public_subnets",
            "aws_vpc.vpc",
            "data.aws_availability_zones.available"
          ]
        }
      ]
    },
    {
      "mode": "managed",
      "type": "aws_route_table_association",
      "name": "public",
      "provider": "provider[\"registry.terraform.io/hashicorp/aws\"]",
      "instances": [
        {
          "index_key": "public_subnet_1",
          "schema_version": 0,
          "attributes": {
            "gateway_id": "",
            "id": "rtbassoc-078093b9f8ffb3ae6",
            "route_table_id": "rtb-053fadc31f6c1aa40",
            "subnet_id": "subnet-0c9ef1e94223c9a9b",
            "timeouts": null
          },
          "sensitive_attributes": [],
          "private": "eyJlMmJmYjczMC1lY2FhLTExZTYtOGY4OC0zNDM2M2JjN2M0YzAiOnsiY3JlYXRlIjozMDAwMDAwMDAwMDAsImRlbGV0ZSI6MzAwMDAwMDAwMDAwLCJ1cGRhdGUiOjEyMDAwMDAwMDAwMH19",
          "dependencies": [
            "aws_internet_gateway.internet_gateway",
            "aws_route_table.public_route_table",
            "aws_subnet.public_subnets",
            "aws_vpc.vpc",
            "data.aws_availability_zones.available"
          ]
        },
        {
          "index_key": "public_subnet_2",
          "schema_version": 0,
          "attributes": {
            "gateway_id": "",
            "id": "rtbassoc-080e1a56a4d2559b2",
            "route_table_id": "rtb-053fadc31f6c1aa40",
            "subnet_id": "subnet-0a4fafa65f80dbf46",
            "timeouts": null
          },
          "sensitive_attributes": [],
          "private": "eyJlMmJmYjczMC1lY2FhLTExZTYtOGY4OC0zNDM2M2JjN2M0YzAiOnsiY3JlYXRlIjozMDAwMDAwMDAwMDAsImRlbGV0ZSI6MzAwMDAwMDAwMDAwLCJ1cGRhdGUiOjEyMDAwMDAwMDAwMH19",
          "dependencies": [
            "aws_internet_gateway.internet_gateway",
            "aws_route_table.public_route_table",
            "aws_subnet.public_subnets",
            "aws_vpc.vpc",
            "data.aws_availability_zones.available"
          ]
        },
        {
          "index_key": "public_subnet_3",
          "schema_version": 0,
          "attributes": {
            "gateway_id": "",
            "id": "rtbassoc-0f72d2b5014440304",
            "route_table_id": "rtb-053fadc31f6c1aa40",
            "subnet_id": "subnet-08e97d397d4e14597",
            "timeouts": null
          },
          "sensitive_attributes": [],
          "private": "eyJlMmJmYjczMC1lY2FhLTExZTYtOGY4OC0zNDM2M2JjN2M0YzAiOnsiY3JlYXRlIjozMDAwMDAwMDAwMDAsImRlbGV0ZSI6MzAwMDAwMDAwMDAwLCJ1cGRhdGUiOjEyMDAwMDAwMDAwMH19",
          "dependencies": [
            "aws_internet_gateway.internet_gateway",
            "aws_route_table.public_route_table",
            "aws_subnet.public_subnets",
            "aws_vpc.vpc",
            "data.aws_availability_zones.available"
          ]
        }
      ]
    },
    {
      "mode": "managed",
      "type": "aws_security_group",
      "name": "ingress-ssh",
      "provider": "provider[\"registry.terraform.io/hashicorp/aws\"]",
      "instances": [
        {
          "schema_version": 1,
          "attributes": {
            "arn": "arn:aws:ec2:us-east-1:126946216053:security-group/sg-09b58eb3e816001da",
            "description": "Managed by Terraform",
            "egress": [
              {
                "cidr_blocks": [
                  "0.0.0.0/0"
                ],
                "description": "",
                "from_port": 0,
                "ipv6_cidr_blocks": [],
                "prefix_list_ids": [],
                "protocol": "-1",
                "security_groups": [],
                "self": false,
                "to_port": 0
              }
            ],
            "id": "sg-09b58eb3e816001da",
            "ingress": [
              {
                "cidr_blocks": [
                  "0.0.0.0/0"
                ],
                "description": "",
                "from_port": 22,
                "ipv6_cidr_blocks": [],
                "prefix_list_ids": [],
                "protocol": "tcp",
                "security_groups": [],
                "self": false,
                "to_port": 22
              }
            ],
            "name": "allow-all-ssh",
            "name_prefix": "",
            "owner_id": "126946216053",
            "revoke_rules_on_delete": false,
            "tags": null,
            "tags_all": {},
            "timeouts": null,
            "vpc_id": "vpc-0eba75db8182af214"
          },
          "sensitive_attributes": [],
          "private": "eyJlMmJmYjczMC1lY2FhLTExZTYtOGY4OC0zNDM2M2JjN2M0YzAiOnsiY3JlYXRlIjo2MDAwMDAwMDAwMDAsImRlbGV0ZSI6OTAwMDAwMDAwMDAwfSwic2NoZW1hX3ZlcnNpb24iOiIxIn0=",
          "dependencies": [
            "aws_vpc.vpc"
          ]
        }
      ]
    },
    {
      "mode": "managed",
      "type": "aws_security_group",
      "name": "vpc-ping",
      "provider": "provider[\"registry.terraform.io/hashicorp/aws\"]",
      "instances": [
        {
          "schema_version": 1,
          "attributes": {
            "arn": "arn:aws:ec2:us-east-1:126946216053:security-group/sg-056d43d95572cd667",
            "description": "ICMP for Ping Access",
            "egress": [
              {
                "cidr_blocks": [
                  "0.0.0.0/0"
                ],
                "description": "Allow all ip and ports outboun",
                "from_port": 0,
                "ipv6_cidr_blocks": [],
                "prefix_list_ids": [],
                "protocol": "-1",
                "security_groups": [],
                "self": false,
                "to_port": 0
              }
            ],
            "id": "sg-056d43d95572cd667",
            "ingress": [
              {
                "cidr_blocks": [
                  "0.0.0.0/0"
                ],
                "description": "Allow ICMP Traffic",
                "from_port": -1,
                "ipv6_cidr_blocks": [],
                "prefix_list_ids": [],
                "protocol": "icmp",
                "security_groups": [],
                "self": false,
                "to_port": -1
              }
            ],
            "name": "vpc-ping",
            "name_prefix": "",
            "owner_id": "126946216053",
            "revoke_rules_on_delete": false,
            "tags": null,
            "tags_all": {},
            "timeouts": null,
            "vpc_id": "vpc-0eba75db8182af214"
          },
          "sensitive_attributes": [],
          "private": "eyJlMmJmYjczMC1lY2FhLTExZTYtOGY4OC0zNDM2M2JjN2M0YzAiOnsiY3JlYXRlIjo2MDAwMDAwMDAwMDAsImRlbGV0ZSI6OTAwMDAwMDAwMDAwfSwic2NoZW1hX3ZlcnNpb24iOiIxIn0=",
          "dependencies": [
            "aws_vpc.vpc"
          ]
        }
      ]
    },
    {
      "mode": "managed",
      "type": "aws_security_group",
      "name": "vpc-web",
      "provider": "provider[\"registry.terraform.io/hashicorp/aws\"]",
      "instances": [
        {
          "schema_version": 1,
          "attributes": {
            "arn": "arn:aws:ec2:us-east-1:126946216053:security-group/sg-05c75028997cdfabe",
            "description": "Web Traffic",
            "egress": [
              {
                "cidr_blocks": [
                  "0.0.0.0/0"
                ],
                "description": "Allow all ip and ports outbound",
                "from_port": 0,
                "ipv6_cidr_blocks": [],
                "prefix_list_ids": [],
                "protocol": "-1",
                "security_groups": [],
                "self": false,
                "to_port": 0
              }
            ],
            "id": "sg-05c75028997cdfabe",
            "ingress": [
              {
                "cidr_blocks": [
                  "0.0.0.0/0"
                ],
                "description": "Allow Port 443",
                "from_port": 443,
                "ipv6_cidr_blocks": [],
                "prefix_list_ids": [],
                "protocol": "tcp",
                "security_groups": [],
                "self": false,
                "to_port": 443
              },
              {
                "cidr_blocks": [
                  "0.0.0.0/0"
                ],
                "description": "Allow Port 80",
                "from_port": 80,
                "ipv6_cidr_blocks": [],
                "prefix_list_ids": [],
                "protocol": "tcp",
                "security_groups": [],
                "self": false,
                "to_port": 80
              }
            ],
            "name": "vpc-web-default",
            "name_prefix": "",
            "owner_id": "126946216053",
            "revoke_rules_on_delete": false,
            "tags": null,
            "tags_all": {},
            "timeouts": null,
            "vpc_id": "vpc-0eba75db8182af214"
          },
          "sensitive_attributes": [],
          "private": "eyJlMmJmYjczMC1lY2FhLTExZTYtOGY4OC0zNDM2M2JjN2M0YzAiOnsiY3JlYXRlIjo2MDAwMDAwMDAwMDAsImRlbGV0ZSI6OTAwMDAwMDAwMDAwfSwic2NoZW1hX3ZlcnNpb24iOiIxIn0=",
          "dependencies": [
            "aws_vpc.vpc"
          ]
        }
      ]
    },
    {
      "mode": "managed",
      "type": "aws_subnet",
      "name": "private_subnets",
      "provider": "provider[\"registry.terraform.io/hashicorp/aws\"]",
      "instances": [
        {
          "index_key": "private_subnet_1",
          "schema_version": 1,
          "attributes": {
            "arn": "arn:aws:ec2:us-east-1:126946216053:subnet/subnet-0183eb73f4e1ed2b5",
            "assign_ipv6_address_on_creation": false,
            "availability_zone": "us-east-1b",
            "availability_zone_id": "use1-az1",
            "cidr_block": "10.0.1.0/24",
            "customer_owned_ipv4_pool": "",
            "enable_dns64": false,
            "enable_lni_at_device_index": 0,
            "enable_resource_name_dns_a_record_on_launch": false,
            "enable_resource_name_dns_aaaa_record_on_launch": false,
            "id": "subnet-0183eb73f4e1ed2b5",
            "ipv6_cidr_block": "",
            "ipv6_cidr_block_association_id": "",
            "ipv6_native": false,
            "map_customer_owned_ip_on_launch": false,
            "map_public_ip_on_launch": false,
            "outpost_arn": "",
            "owner_id": "126946216053",
            "private_dns_hostname_type_on_launch": "ip-name",
            "tags": {
              "Name": "private_subnet_1",
              "Terraform": "true"
            },
            "tags_all": {
              "Name": "private_subnet_1",
              "Terraform": "true"
            },
            "timeouts": null,
            "vpc_id": "vpc-0eba75db8182af214"
          },
          "sensitive_attributes": [],
          "private": "eyJlMmJmYjczMC1lY2FhLTExZTYtOGY4OC0zNDM2M2JjN2M0YzAiOnsiY3JlYXRlIjo2MDAwMDAwMDAwMDAsImRlbGV0ZSI6MTIwMDAwMDAwMDAwMH0sInNjaGVtYV92ZXJzaW9uIjoiMSJ9",
          "dependencies": [
            "aws_vpc.vpc",
            "data.aws_availability_zones.available"
          ]
        },
        {
          "index_key": "private_subnet_2",
          "schema_version": 1,
          "attributes": {
            "arn": "arn:aws:ec2:us-east-1:126946216053:subnet/subnet-0e3203f26dc137e16",
            "assign_ipv6_address_on_creation": false,
            "availability_zone": "us-east-1c",
            "availability_zone_id": "use1-az2",
            "cidr_block": "10.0.2.0/24",
            "customer_owned_ipv4_pool": "",
            "enable_dns64": false,
            "enable_lni_at_device_index": 0,
            "enable_resource_name_dns_a_record_on_launch": false,
            "enable_resource_name_dns_aaaa_record_on_launch": false,
            "id": "subnet-0e3203f26dc137e16",
            "ipv6_cidr_block": "",
            "ipv6_cidr_block_association_id": "",
            "ipv6_native": false,
            "map_customer_owned_ip_on_launch": false,
            "map_public_ip_on_launch": false,
            "outpost_arn": "",
            "owner_id": "126946216053",
            "private_dns_hostname_type_on_launch": "ip-name",
            "tags": {
              "Name": "private_subnet_2",
              "Terraform": "true"
            },
            "tags_all": {
              "Name": "private_subnet_2",
              "Terraform": "true"
            },
            "timeouts": null,
            "vpc_id": "vpc-0eba75db8182af214"
          },
          "sensitive_attributes": [],
          "private": "eyJlMmJmYjczMC1lY2FhLTExZTYtOGY4OC0zNDM2M2JjN2M0YzAiOnsiY3JlYXRlIjo2MDAwMDAwMDAwMDAsImRlbGV0ZSI6MTIwMDAwMDAwMDAwMH0sInNjaGVtYV92ZXJzaW9uIjoiMSJ9",
          "dependencies": [
            "aws_vpc.vpc",
            "data.aws_availability_zones.available"
          ]
        },
        {
          "index_key": "private_subnet_3",
          "schema_version": 1,
          "attributes": {
            "arn": "arn:aws:ec2:us-east-1:126946216053:subnet/subnet-0c0cc49589ab9b152",
            "assign_ipv6_address_on_creation": false,
            "availability_zone": "us-east-1d",
            "availability_zone_id": "use1-az4",
            "cidr_block": "10.0.3.0/24",
            "customer_owned_ipv4_pool": "",
            "enable_dns64": false,
            "enable_lni_at_device_index": 0,
            "enable_resource_name_dns_a_record_on_launch": false,
            "enable_resource_name_dns_aaaa_record_on_launch": false,
            "id": "subnet-0c0cc49589ab9b152",
            "ipv6_cidr_block": "",
            "ipv6_cidr_block_association_id": "",
            "ipv6_native": false,
            "map_customer_owned_ip_on_launch": false,
            "map_public_ip_on_launch": false,
            "outpost_arn": "",
            "owner_id": "126946216053",
            "private_dns_hostname_type_on_launch": "ip-name",
            "tags": {
              "Name": "private_subnet_3",
              "Terraform": "true"
            },
            "tags_all": {
              "Name": "private_subnet_3",
              "Terraform": "true"
            },
            "timeouts": null,
            "vpc_id": "vpc-0eba75db8182af214"
          },
          "sensitive_attributes": [],
          "private": "eyJlMmJmYjczMC1lY2FhLTExZTYtOGY4OC0zNDM2M2JjN2M0YzAiOnsiY3JlYXRlIjo2MDAwMDAwMDAwMDAsImRlbGV0ZSI6MTIwMDAwMDAwMDAwMH0sInNjaGVtYV92ZXJzaW9uIjoiMSJ9",
          "dependencies": [
            "aws_vpc.vpc",
            "data.aws_availability_zones.available"
          ]
        }
      ]
    },
    {
      "mode": "managed",
      "type": "aws_subnet",
      "name": "public_subnets",
      "provider": "provider[\"registry.terraform.io/hashicorp/aws\"]",
      "instances": [
        {
          "index_key": "public_subnet_1",
          "schema_version": 1,
          "attributes": {
            "arn": "arn:aws:ec2:us-east-1:126946216053:subnet/subnet-0c9ef1e94223c9a9b",
            "assign_ipv6_address_on_creation": false,
            "availability_zone": "us-east-1b",
            "availability_zone_id": "use1-az1",
            "cidr_block": "10.0.101.0/24",
            "customer_owned_ipv4_pool": "",
            "enable_dns64": false,
            "enable_lni_at_device_index": 0,
            "enable_resource_name_dns_a_record_on_launch": false,
            "enable_resource_name_dns_aaaa_record_on_launch": false,
            "id": "subnet-0c9ef1e94223c9a9b",
            "ipv6_cidr_block": "",
            "ipv6_cidr_block_association_id": "",
            "ipv6_native": false,
            "map_customer_owned_ip_on_launch": false,
            "map_public_ip_on_launch": true,
            "outpost_arn": "",
            "owner_id": "126946216053",
            "private_dns_hostname_type_on_launch": "ip-name",
            "tags": {
              "Name": "public_subnet_1",
              "Terraform": "true"
            },
            "tags_all": {
              "Name": "public_subnet_1",
              "Terraform": "true"
            },
            "timeouts": null,
            "vpc_id": "vpc-0eba75db8182af214"
          },
          "sensitive_attributes": [],
          "private": "eyJlMmJmYjczMC1lY2FhLTExZTYtOGY4OC0zNDM2M2JjN2M0YzAiOnsiY3JlYXRlIjo2MDAwMDAwMDAwMDAsImRlbGV0ZSI6MTIwMDAwMDAwMDAwMH0sInNjaGVtYV92ZXJzaW9uIjoiMSJ9",
          "dependencies": [
            "aws_vpc.vpc",
            "data.aws_availability_zones.available"
          ]
        },
        {
          "index_key": "public_subnet_2",
          "schema_version": 1,
          "attributes": {
            "arn": "arn:aws:ec2:us-east-1:126946216053:subnet/subnet-0a4fafa65f80dbf46",
            "assign_ipv6_address_on_creation": false,
            "availability_zone": "us-east-1c",
            "availability_zone_id": "use1-az2",
            "cidr_block": "10.0.102.0/24",
            "customer_owned_ipv4_pool": "",
            "enable_dns64": false,
            "enable_lni_at_device_index": 0,
            "enable_resource_name_dns_a_record_on_launch": false,
            "enable_resource_name_dns_aaaa_record_on_launch": false,
            "id": "subnet-0a4fafa65f80dbf46",
            "ipv6_cidr_block": "",
            "ipv6_cidr_block_association_id": "",
            "ipv6_native": false,
            "map_customer_owned_ip_on_launch": false,
            "map_public_ip_on_launch": true,
            "outpost_arn": "",
            "owner_id": "126946216053",
            "private_dns_hostname_type_on_launch": "ip-name",
            "tags": {
              "Name": "public_subnet_2",
              "Terraform": "true"
            },
            "tags_all": {
              "Name": "public_subnet_2",
              "Terraform": "true"
            },
            "timeouts": null,
            "vpc_id": "vpc-0eba75db8182af214"
          },
          "sensitive_attributes": [],
          "private": "eyJlMmJmYjczMC1lY2FhLTExZTYtOGY4OC0zNDM2M2JjN2M0YzAiOnsiY3JlYXRlIjo2MDAwMDAwMDAwMDAsImRlbGV0ZSI6MTIwMDAwMDAwMDAwMH0sInNjaGVtYV92ZXJzaW9uIjoiMSJ9",
          "dependencies": [
            "aws_vpc.vpc",
            "data.aws_availability_zones.available"
          ]
        },
        {
          "index_key": "public_subnet_3",
          "schema_version": 1,
          "attributes": {
            "arn": "arn:aws:ec2:us-east-1:126946216053:subnet/subnet-08e97d397d4e14597",
            "assign_ipv6_address_on_creation": false,
            "availability_zone": "us-east-1d",
            "availability_zone_id": "use1-az4",
            "cidr_block": "10.0.103.0/24",
            "customer_owned_ipv4_pool": "",
            "enable_dns64": false,
            "enable_lni_at_device_index": 0,
            "enable_resource_name_dns_a_record_on_launch": false,
            "enable_resource_name_dns_aaaa_record_on_launch": false,
            "id": "subnet-08e97d397d4e14597",
            "ipv6_cidr_block": "",
            "ipv6_cidr_block_association_id": "",
            "ipv6_native": false,
            "map_customer_owned_ip_on_launch": false,
            "map_public_ip_on_launch": true,
            "outpost_arn": "",
            "owner_id": "126946216053",
            "private_dns_hostname_type_on_launch": "ip-name",
            "tags": {
              "Name": "public_subnet_3",
              "Terraform": "true"
            },
            "tags_all": {
              "Name": "public_subnet_3",
              "Terraform": "true"
            },
            "timeouts": null,
            "vpc_id": "vpc-0eba75db8182af214"
          },
          "sensitive_attributes": [],
          "private": "eyJlMmJmYjczMC1lY2FhLTExZTYtOGY4OC0zNDM2M2JjN2M0YzAiOnsiY3JlYXRlIjo2MDAwMDAwMDAwMDAsImRlbGV0ZSI6MTIwMDAwMDAwMDAwMH0sInNjaGVtYV92ZXJzaW9uIjoiMSJ9",
          "dependencies": [
            "aws_vpc.vpc",
            "data.aws_availability_zones.available"
          ]
        }
      ]
    },
    {
      "mode": "managed",
      "type": "aws_vpc",
      "name": "vpc",
      "provider": "provider[\"registry.terraform.io/hashicorp/aws\"]",
      "instances": [
        {
          "schema_version": 1,
          "attributes": {
            "arn": "arn:aws:ec2:us-east-1:126946216053:vpc/vpc-0eba75db8182af214",
            "assign_generated_ipv6_cidr_block": false,
            "cidr_block": "10.0.0.0/16",
            "default_network_acl_id": "acl-06a31a889476c4bbd",
            "default_route_table_id": "rtb-0b69e4a4033c01fdf",
            "default_security_group_id": "sg-055cedc59fd84c10e",
            "dhcp_options_id": "dopt-0a9b05a802458edcc",
            "enable_dns_hostnames": true,
            "enable_dns_support": true,
            "enable_network_address_usage_metrics": false,
            "id": "vpc-0eba75db8182af214",
            "instance_tenancy": "default",
            "ipv4_ipam_pool_id": null,
            "ipv4_netmask_length": null,
            "ipv6_association_id": "",
            "ipv6_cidr_block": "",
            "ipv6_cidr_block_network_border_group": "",
            "ipv6_ipam_pool_id": "",
            "ipv6_netmask_length": 0,
            "main_route_table_id": "rtb-0b69e4a4033c01fdf",
            "owner_id": "126946216053",
            "tags": {
              "Environment": "demo_environment",
              "Name": "demo_vpc",
              "Terraform": "true"
            },
            "tags_all": {
              "Environment": "demo_environment",
              "Name": "demo_vpc",
              "Terraform": "true"
            }
          },
          "sensitive_attributes": [],
          "private": "eyJzY2hlbWFfdmVyc2lvbiI6IjEifQ=="
        }
      ]
    },
    {
      "mode": "managed",
      "type": "local_file",
      "name": "private_key_pem",
      "provider": "provider[\"registry.terraform.io/hashicorp/local\"]",
      "instances": [
        {
          "schema_version": 0,
          "attributes": {
            "content": "-----BEGIN RSA PRIVATE KEY-----\nMIIEowIBAAKCAQEAx8HP0YF7UA+HGO5n1m/Z3Q6yteMZ2uDzqjOSUlkktTqaWnBq\nxOmCrp1yeUBJ+hUowdpNzw4brvgok22/iHJTD8mMhKUczCy6iZcLmx8wbWqL0qZW\nfPsl7TEv0bm18X1XWnj1purDqJnL9tq+lia0pKPXOa+S+dcBuO4o/mYGEcuChNLl\n9C4uUdg5bYCUmlVSdJ8kZMpudLiPsStT8TmmDdDr2+NDCIT51ZFtYvAYE0Kq9GFd\njzVs2K8s1WyFk51bJGUODa0pw3/bfznhG53Nh0urshugMn7VyvxquDGWpRzyZZiO\n5CtGU2tYsuDbyUbScacYS+DSGoLhal9WeVCq+QIDAQABAoIBADTPSk/K+XzK/h5b\nONx6KZDFh/2KEpXJDuIaTD61Dn1TBueN/MweJ8xeF5tyoZwZ5/KH8jYhNrRlKuT/\nCLnb75Wm5R1UQW7BDHe/lPPnpPfoSRrhms/j3bz9WfUKMc2sI2HpxJfiTOPP9RpH\n7kbn6K32GrpHboXaj7wCSpgnBMfDHBZeslEcJA5I4p8oI0ONkRyg6P2V6V+nSqJv\niUzri00UE38na1nabQJLYQbbtnLCGl0ylXoS6Tn5yY7xqyEWIeVXYtcGqfrW+O7H\nFAY0hIA42xvH4cznun96MHaM/5EaZ27h8kHm4E/yurb8jTXNXUQyY3g4rPqUgzes\n/BRSH/kCgYEA2uHxQB5ZtNLSVJlZnN4WD/C7tP6XQI098sweJ6ObEHzq5Cddvmqq\nEVKUDV1TdEjpt68euxvXTvusOoGD6e8fABPwzKrir5da9H1wjZLyg/Ct+I/AxIig\nSlx5xRB420etp81oH/qQqScgxvJwcArV9nT2ebM+DiustZQpsrcFSzsCgYEA6aGZ\nYrLGmRRyxpjzTnFDmA/1rHlGyXeHsx7/lWEzA/WO71ZFHng9cq5shrrs+DXnoqLk\nrp2ty+A3s7LO5cZXIIgWR9n6L+sPEUxQVTMFu4ajcUkFwem8ZH7IY2QWYI2pjtaU\nmBvaeG3R5yh/ubGyJrLJviXMcayPsfc+mOT791sCgYEAwzW5JLcsyEExxrORoX7M\nbGEF95ELsk2Fj1IOHsoiFJ1kHCEj0RxuGs7sLdMrB82za9ep77QP3WhFnVQ/ItbZ\nbgdavh411+aD/wMU656/3X48mi8S+/TiCA/bpi5fqymNLdfa4pJkjAfSirxUHQj8\n9DYyUC3UzWyUNskyOypRdVsCgYAqyvKxZVWDDH/JaJKIN67N136ETOJuXHp6kJ73\n2Ynim8PGiuK2Jgf7TX+LXgmxnQ4EeBmy8ia3RSZuv72t0Jp81vBd0MtGo6Nq47OD\nJ4lRQ+QECAAJ+KoNLju+GMMQhGIeS6eEBPYLQPJFiOF8PdQHyo+xSHMeDyFy03qf\nvrF4KQKBgF7Iu3tiwcQLEGmpLL5r3f51EksgloEoJQWnbeCPY5tpaLLKjR+0EMM+\n5vbF3AZvtKjSZGnY9mOh7EaUsDMt07cC7hacV6fpDoux7j1Gcc48+Q3b4Pk1n0ls\nZFVJmDgvT+Knk0Pk02XzGbT37nxk5OAnlkwIbIo1gV5k5Vu3eQsO\n-----END RSA PRIVATE KEY-----\n",
            "content_base64": null,
            "content_base64sha256": "3OsnIKo1xQTvam2ASpqnpDdc6KzILq9ur42KCkp9MFU=",
            "content_base64sha512": "/POjuGd4p9N/yBUhnWsdYuJmah49CUQB3UebmthqNhsI+GMgF+DM2KK8o47lQvkrgW8lmrFrYuW5J5x5Rqm2rA==",
            "content_md5": "623d504e1eaae66afac3825f9cd358a4",
            "content_sha1": "78cba7e3c3e18f35b57efd3019c87f41346471bb",
            "content_sha256": "dceb2720aa35c504ef6a6d804a9aa7a4375ce8acc82eaf6eaf8d8a0a4a7d3055",
            "content_sha512": "fcf3a3b86778a7d37fc815219d6b1d62e2666a1e3d094401dd479b9ad86a361b08f8632017e0ccd8a2bca38ee542f92b816f259ab16b62e5b9279c7946a9b6ac",
            "directory_permission": "0777",
            "file_permission": "0777",
            "filename": "MyAWSKey.pem",
            "id": "78cba7e3c3e18f35b57efd3019c87f41346471bb",
            "sensitive_content": null,
            "source": null
          },
          "sensitive_attributes": [
            [
              {
                "type": "get_attr",
                "value": "content"
              }
            ]
          ],
          "dependencies": [
            "tls_private_key.generated"
          ]
        }
      ]
    },
    {
      "mode": "managed",
      "type": "random_string",
      "name": "random",
      "provider": "provider[\"registry.terraform.io/hashicorp/random\"]",
      "instances": [
        {
          "schema_version": 2,
          "attributes": {
            "id": ":HSd4uYW\u003c}",
            "keepers": null,
            "length": 10,
            "lower": true,
            "min_lower": 0,
            "min_numeric": 0,
            "min_special": 0,
            "min_upper": 0,
            "number": true,
            "numeric": true,
            "override_special": null,
            "result": ":HSd4uYW\u003c}",
            "special": true,
            "upper": true
          },
          "sensitive_attributes": []
        }
      ]
    },
    {
      "mode": "managed",
      "type": "tls_private_key",
      "name": "generated",
      "provider": "provider[\"registry.terraform.io/hashicorp/tls\"]",
      "instances": [
        {
          "schema_version": 1,
          "attributes": {
            "algorithm": "RSA",
            "ecdsa_curve": "P224",
            "id": "5c0f2c5272eb00c463b7d015a78f8cf9c48f7451",
            "private_key_openssh": "-----BEGIN OPENSSH PRIVATE KEY-----\nb3BlbnNzaC1rZXktdjEAAAAABG5vbmUAAAAEbm9uZQAAAAAAAAABAAABFwAAAAdz\nc2gtcnNhAAAAAwEAAQAAAQEAx8HP0YF7UA+HGO5n1m/Z3Q6yteMZ2uDzqjOSUlkk\ntTqaWnBqxOmCrp1yeUBJ+hUowdpNzw4brvgok22/iHJTD8mMhKUczCy6iZcLmx8w\nbWqL0qZWfPsl7TEv0bm18X1XWnj1purDqJnL9tq+lia0pKPXOa+S+dcBuO4o/mYG\nEcuChNLl9C4uUdg5bYCUmlVSdJ8kZMpudLiPsStT8TmmDdDr2+NDCIT51ZFtYvAY\nE0Kq9GFdjzVs2K8s1WyFk51bJGUODa0pw3/bfznhG53Nh0urshugMn7VyvxquDGW\npRzyZZiO5CtGU2tYsuDbyUbScacYS+DSGoLhal9WeVCq+QAAA7iOHF6BjhxegQAA\nAAdzc2gtcnNhAAABAQDHwc/RgXtQD4cY7mfWb9ndDrK14xna4POqM5JSWSS1Oppa\ncGrE6YKunXJ5QEn6FSjB2k3PDhuu+CiTbb+IclMPyYyEpRzMLLqJlwubHzBtaovS\nplZ8+yXtMS/RubXxfVdaePWm6sOomcv22r6WJrSko9c5r5L51wG47ij+ZgYRy4KE\n0uX0Li5R2DltgJSaVVJ0nyRkym50uI+xK1PxOaYN0Ovb40MIhPnVkW1i8BgTQqr0\nYV2PNWzYryzVbIWTnVskZQ4NrSnDf9t/OeEbnc2HS6uyG6AyftXK/Gq4MZalHPJl\nmI7kK0ZTa1iy4NvJRtJxpxhL4NIaguFqX1Z5UKr5AAAAAwEAAQAAAQA0z0pPyvl8\nyv4eWzjceimQxYf9ihKVyQ7iGkw+tQ59UwbnjfzMHifMXhebcqGcGefyh/I2ITa0\nZSrk/wi52++VpuUdVEFuwQx3v5Tz56T36Eka4ZrP4928/Vn1CjHNrCNh6cSX4kzj\nz/UaR+5G5+it9hq6R26F2o+8AkqYJwTHwxwWXrJRHCQOSOKfKCNDjZEcoOj9lelf\np0qib4lM64tNFBN/J2tZ2m0CS2EG27ZywhpdMpV6Euk5+cmO8ashFiHlV2LXBqn6\n1vjuxxQGNISAONsbx+HM57p/ejB2jP+RGmdu4fJB5uBP8rq2/I01zV1EMmN4OKz6\nlIM3rPwUUh/5AAAAgF7Iu3tiwcQLEGmpLL5r3f51EksgloEoJQWnbeCPY5tpaLLK\njR+0EMM+5vbF3AZvtKjSZGnY9mOh7EaUsDMt07cC7hacV6fpDoux7j1Gcc48+Q3b\n4Pk1n0lsZFVJmDgvT+Knk0Pk02XzGbT37nxk5OAnlkwIbIo1gV5k5Vu3eQsOAAAA\ngQDa4fFAHlm00tJUmVmc3hYP8Lu0/pdAjT3yzB4no5sQfOrkJ12+aqoRUpQNXVN0\nSOm3rx67G9dO+6w6gYPp7x8AE/DMquKvl1r0fXCNkvKD8K34j8DEiKBKXHnFEHjb\nR62nzWgf+pCpJyDG8nBwCtX2dPZ5sz4OK6y1lCmytwVLOwAAAIEA6aGZYrLGmRRy\nxpjzTnFDmA/1rHlGyXeHsx7/lWEzA/WO71ZFHng9cq5shrrs+DXnoqLkrp2ty+A3\ns7LO5cZXIIgWR9n6L+sPEUxQVTMFu4ajcUkFwem8ZH7IY2QWYI2pjtaUmBvaeG3R\n5yh/ubGyJrLJviXMcayPsfc+mOT791sAAAAAAQID\n-----END OPENSSH PRIVATE KEY-----\n",
            "private_key_pem": "-----BEGIN RSA PRIVATE KEY-----\nMIIEowIBAAKCAQEAx8HP0YF7UA+HGO5n1m/Z3Q6yteMZ2uDzqjOSUlkktTqaWnBq\nxOmCrp1yeUBJ+hUowdpNzw4brvgok22/iHJTD8mMhKUczCy6iZcLmx8wbWqL0qZW\nfPsl7TEv0bm18X1XWnj1purDqJnL9tq+lia0pKPXOa+S+dcBuO4o/mYGEcuChNLl\n9C4uUdg5bYCUmlVSdJ8kZMpudLiPsStT8TmmDdDr2+NDCIT51ZFtYvAYE0Kq9GFd\njzVs2K8s1WyFk51bJGUODa0pw3/bfznhG53Nh0urshugMn7VyvxquDGWpRzyZZiO\n5CtGU2tYsuDbyUbScacYS+DSGoLhal9WeVCq+QIDAQABAoIBADTPSk/K+XzK/h5b\nONx6KZDFh/2KEpXJDuIaTD61Dn1TBueN/MweJ8xeF5tyoZwZ5/KH8jYhNrRlKuT/\nCLnb75Wm5R1UQW7BDHe/lPPnpPfoSRrhms/j3bz9WfUKMc2sI2HpxJfiTOPP9RpH\n7kbn6K32GrpHboXaj7wCSpgnBMfDHBZeslEcJA5I4p8oI0ONkRyg6P2V6V+nSqJv\niUzri00UE38na1nabQJLYQbbtnLCGl0ylXoS6Tn5yY7xqyEWIeVXYtcGqfrW+O7H\nFAY0hIA42xvH4cznun96MHaM/5EaZ27h8kHm4E/yurb8jTXNXUQyY3g4rPqUgzes\n/BRSH/kCgYEA2uHxQB5ZtNLSVJlZnN4WD/C7tP6XQI098sweJ6ObEHzq5Cddvmqq\nEVKUDV1TdEjpt68euxvXTvusOoGD6e8fABPwzKrir5da9H1wjZLyg/Ct+I/AxIig\nSlx5xRB420etp81oH/qQqScgxvJwcArV9nT2ebM+DiustZQpsrcFSzsCgYEA6aGZ\nYrLGmRRyxpjzTnFDmA/1rHlGyXeHsx7/lWEzA/WO71ZFHng9cq5shrrs+DXnoqLk\nrp2ty+A3s7LO5cZXIIgWR9n6L+sPEUxQVTMFu4ajcUkFwem8ZH7IY2QWYI2pjtaU\nmBvaeG3R5yh/ubGyJrLJviXMcayPsfc+mOT791sCgYEAwzW5JLcsyEExxrORoX7M\nbGEF95ELsk2Fj1IOHsoiFJ1kHCEj0RxuGs7sLdMrB82za9ep77QP3WhFnVQ/ItbZ\nbgdavh411+aD/wMU656/3X48mi8S+/TiCA/bpi5fqymNLdfa4pJkjAfSirxUHQj8\n9DYyUC3UzWyUNskyOypRdVsCgYAqyvKxZVWDDH/JaJKIN67N136ETOJuXHp6kJ73\n2Ynim8PGiuK2Jgf7TX+LXgmxnQ4EeBmy8ia3RSZuv72t0Jp81vBd0MtGo6Nq47OD\nJ4lRQ+QECAAJ+KoNLju+GMMQhGIeS6eEBPYLQPJFiOF8PdQHyo+xSHMeDyFy03qf\nvrF4KQKBgF7Iu3tiwcQLEGmpLL5r3f51EksgloEoJQWnbeCPY5tpaLLKjR+0EMM+\n5vbF3AZvtKjSZGnY9mOh7EaUsDMt07cC7hacV6fpDoux7j1Gcc48+Q3b4Pk1n0ls\nZFVJmDgvT+Knk0Pk02XzGbT37nxk5OAnlkwIbIo1gV5k5Vu3eQsO\n-----END RSA PRIVATE KEY-----\n",
            "private_key_pem_pkcs8": "-----BEGIN PRIVATE KEY-----\nMIIEvQIBADANBgkqhkiG9w0BAQEFAASCBKcwggSjAgEAAoIBAQDHwc/RgXtQD4cY\n7mfWb9ndDrK14xna4POqM5JSWSS1OppacGrE6YKunXJ5QEn6FSjB2k3PDhuu+CiT\nbb+IclMPyYyEpRzMLLqJlwubHzBtaovSplZ8+yXtMS/RubXxfVdaePWm6sOomcv2\n2r6WJrSko9c5r5L51wG47ij+ZgYRy4KE0uX0Li5R2DltgJSaVVJ0nyRkym50uI+x\nK1PxOaYN0Ovb40MIhPnVkW1i8BgTQqr0YV2PNWzYryzVbIWTnVskZQ4NrSnDf9t/\nOeEbnc2HS6uyG6AyftXK/Gq4MZalHPJlmI7kK0ZTa1iy4NvJRtJxpxhL4NIaguFq\nX1Z5UKr5AgMBAAECggEANM9KT8r5fMr+Hls43HopkMWH/YoSlckO4hpMPrUOfVMG\n5438zB4nzF4Xm3KhnBnn8ofyNiE2tGUq5P8IudvvlablHVRBbsEMd7+U8+ek9+hJ\nGuGaz+PdvP1Z9QoxzawjYenEl+JM48/1GkfuRuforfYaukduhdqPvAJKmCcEx8Mc\nFl6yURwkDkjinygjQ42RHKDo/ZXpX6dKom+JTOuLTRQTfydrWdptAkthBtu2csIa\nXTKVehLpOfnJjvGrIRYh5Vdi1wap+tb47scUBjSEgDjbG8fhzOe6f3owdoz/kRpn\nbuHyQebgT/K6tvyNNc1dRDJjeDis+pSDN6z8FFIf+QKBgQDa4fFAHlm00tJUmVmc\n3hYP8Lu0/pdAjT3yzB4no5sQfOrkJ12+aqoRUpQNXVN0SOm3rx67G9dO+6w6gYPp\n7x8AE/DMquKvl1r0fXCNkvKD8K34j8DEiKBKXHnFEHjbR62nzWgf+pCpJyDG8nBw\nCtX2dPZ5sz4OK6y1lCmytwVLOwKBgQDpoZlissaZFHLGmPNOcUOYD/WseUbJd4ez\nHv+VYTMD9Y7vVkUeeD1yrmyGuuz4NeeiouSuna3L4Dezss7lxlcgiBZH2fov6w8R\nTFBVMwW7hqNxSQXB6bxkfshjZBZgjamO1pSYG9p4bdHnKH+5sbImssm+JcxxrI+x\n9z6Y5Pv3WwKBgQDDNbkktyzIQTHGs5GhfsxsYQX3kQuyTYWPUg4eyiIUnWQcISPR\nHG4azuwt0ysHzbNr16nvtA/daEWdVD8i1tluB1q+HjXX5oP/AxTrnr/dfjyaLxL7\n9OIID9umLl+rKY0t19rikmSMB9KKvFQdCPz0NjJQLdTNbJQ2yTI7KlF1WwKBgCrK\n8rFlVYMMf8lokog3rs3XfoRM4m5cenqQnvfZieKbw8aK4rYmB/tNf4teCbGdDgR4\nGbLyJrdFJm6/va3QmnzW8F3Qy0ajo2rjs4MniVFD5AQIAAn4qg0uO74YwxCEYh5L\np4QE9gtA8kWI4Xw91AfKj7FIcx4PIXLTep++sXgpAoGAXsi7e2LBxAsQaaksvmvd\n/nUSSyCWgSglBadt4I9jm2lossqNH7QQwz7m9sXcBm+0qNJkadj2Y6HsRpSwMy3T\ntwLuFpxXp+kOi7HuPUZxzjz5Ddvg+TWfSWxkVUmYOC9P4qeTQ+TTZfMZtPfufGTk\n4CeWTAhsijWBXmTlW7d5Cw4=\n-----END PRIVATE KEY-----\n",
            "public_key_fingerprint_md5": "9f:f6:c3:ea:b0:cf:4f:62:65:6f:e2:9a:9b:24:8e:e2",
            "public_key_fingerprint_sha256": "SHA256:SY2/MQst73l8YI/qUvQW/NyNn6bgx2DCOOX9ce//imw",
            "public_key_openssh": "ssh-rsa AAAAB3NzaC1yc2EAAAADAQABAAABAQDHwc/RgXtQD4cY7mfWb9ndDrK14xna4POqM5JSWSS1OppacGrE6YKunXJ5QEn6FSjB2k3PDhuu+CiTbb+IclMPyYyEpRzMLLqJlwubHzBtaovSplZ8+yXtMS/RubXxfVdaePWm6sOomcv22r6WJrSko9c5r5L51wG47ij+ZgYRy4KE0uX0Li5R2DltgJSaVVJ0nyRkym50uI+xK1PxOaYN0Ovb40MIhPnVkW1i8BgTQqr0YV2PNWzYryzVbIWTnVskZQ4NrSnDf9t/OeEbnc2HS6uyG6AyftXK/Gq4MZalHPJlmI7kK0ZTa1iy4NvJRtJxpxhL4NIaguFqX1Z5UKr5\n",
            "public_key_pem": "-----BEGIN PUBLIC KEY-----\nMIIBIjANBgkqhkiG9w0BAQEFAAOCAQ8AMIIBCgKCAQEAx8HP0YF7UA+HGO5n1m/Z\n3Q6yteMZ2uDzqjOSUlkktTqaWnBqxOmCrp1yeUBJ+hUowdpNzw4brvgok22/iHJT\nD8mMhKUczCy6iZcLmx8wbWqL0qZWfPsl7TEv0bm18X1XWnj1purDqJnL9tq+lia0\npKPXOa+S+dcBuO4o/mYGEcuChNLl9C4uUdg5bYCUmlVSdJ8kZMpudLiPsStT8Tmm\nDdDr2+NDCIT51ZFtYvAYE0Kq9GFdjzVs2K8s1WyFk51bJGUODa0pw3/bfznhG53N\nh0urshugMn7VyvxquDGWpRzyZZiO5CtGU2tYsuDbyUbScacYS+DSGoLhal9WeVCq\n+QIDAQAB\n-----END PUBLIC KEY-----\n",
            "rsa_bits": 2048
          },
          "sensitive_attributes": []
        }
      ]
    },
    {
      "module": "module.server",
      "mode": "managed",
      "type": "aws_instance",
      "name": "web",
      "provider": "provider[\"registry.terraform.io/hashicorp/aws\"]",
      "instances": [
        {
          "schema_version": 1,
          "attributes": {
            "ami": "ami-06f8dce63a6b60467",
            "arn": "arn:aws:ec2:us-east-1:126946216053:instance/i-03dee4feee397e882",
            "associate_public_ip_address": true,
            "availability_zone": "us-east-1d",
            "capacity_reservation_specification": [
              {
                "capacity_reservation_preference": "open",
                "capacity_reservation_target": []
              }
            ],
            "cpu_core_count": 1,
            "cpu_options": [
              {
                "amd_sev_snp": "",
                "core_count": 1,
                "threads_per_core": 1
              }
            ],
            "cpu_threads_per_core": 1,
            "credit_specification": [
              {
                "cpu_credits": "standard"
              }
            ],
            "disable_api_stop": false,
            "disable_api_termination": false,
            "ebs_block_device": [],
            "ebs_optimized": false,
            "enclave_options": [
              {
                "enabled": false
              }
            ],
            "ephemeral_block_device": [],
            "get_password_data": false,
            "hibernation": false,
            "host_id": "",
            "host_resource_group_arn": null,
            "iam_instance_profile": "",
            "id": "i-03dee4feee397e882",
            "instance_initiated_shutdown_behavior": "stop",
            "instance_lifecycle": "",
            "instance_market_options": [],
            "instance_state": "running",
            "instance_type": "t2.micro",
            "ipv6_address_count": 0,
            "ipv6_addresses": [],
            "key_name": "",
            "launch_template": [],
            "maintenance_options": [
              {
                "auto_recovery": "default"
              }
            ],
            "metadata_options": [
              {
                "http_endpoint": "enabled",
                "http_protocol_ipv6": "disabled",
                "http_put_response_hop_limit": 1,
                "http_tokens": "optional",
                "instance_metadata_tags": "disabled"
              }
            ],
            "monitoring": false,
            "network_interface": [],
            "outpost_arn": "",
            "password_data": "",
            "placement_group": "",
            "placement_partition_number": 0,
            "primary_network_interface_id": "eni-00f97abdf45352e00",
            "private_dns": "ip-10-0-103-82.ec2.internal",
            "private_dns_name_options": [
              {
                "enable_resource_name_dns_a_record": false,
                "enable_resource_name_dns_aaaa_record": false,
                "hostname_type": "ip-name"
              }
            ],
            "private_ip": "10.0.103.82",
            "public_dns": "ec2-3-89-253-37.compute-1.amazonaws.com",
            "public_ip": "3.89.253.37",
            "root_block_device": [
              {
                "delete_on_termination": true,
                "device_name": "/dev/sda1",
                "encrypted": false,
                "iops": 100,
                "kms_key_id": "",
                "tags": {},
                "tags_all": {},
                "throughput": 0,
                "volume_id": "vol-0b97e9992e1cc0793",
                "volume_size": 8,
                "volume_type": "gp2"
              }
            ],
            "secondary_private_ips": [],
            "security_groups": [],
            "source_dest_check": true,
            "spot_instance_request_id": "",
            "subnet_id": "subnet-08e97d397d4e14597",
            "tags": {
              "Environment": "Training",
              "Name": "Server from Module"
            },
            "tags_all": {
              "Environment": "Training",
              "Name": "Server from Module"
            },
            "tenancy": "default",
            "timeouts": null,
            "user_data": null,
            "user_data_base64": null,
            "user_data_replace_on_change": false,
            "volume_tags": null,
            "vpc_security_group_ids": [
              "sg-056d43d95572cd667",
              "sg-05c75028997cdfabe",
              "sg-09b58eb3e816001da"
            ]
          },
          "sensitive_attributes": [],
          "private": "eyJlMmJmYjczMC1lY2FhLTExZTYtOGY4OC0zNDM2M2JjN2M0YzAiOnsiY3JlYXRlIjo2MDAwMDAwMDAwMDAsImRlbGV0ZSI6MTIwMDAwMDAwMDAwMCwicmVhZCI6OTAwMDAwMDAwMDAwLCJ1cGRhdGUiOjYwMDAwMDAwMDAwMH0sInNjaGVtYV92ZXJzaW9uIjoiMSJ9",
          "dependencies": [
            "aws_security_group.ingress-ssh",
            "aws_security_group.vpc-ping",
            "aws_security_group.vpc-web",
            "aws_subnet.public_subnets",
            "aws_vpc.vpc",
            "data.aws_ami.ubuntu",
            "data.aws_availability_zones.available"
          ]
        }
      ]
    }
  ],
  "check_results": null
}
