schema: '2.0'
stages:
  prepare_data:
    cmd: python ./src/prepare_data.py
    deps:
    - path: ./data/titanic_data.csv
      hash: md5
      md5: 894507296df7bd91fd2d367a6489ccca
      size: 104076
    - path: ./src/prepare_data.py
      hash: md5
      md5: d4991b3a2d1fbf54f58bbc0e5fa68883
      size: 1067
    params:
      params.yaml:
        data:
          csv_file_path: ./data/titanic_data.csv
          test_size: 0.25
          random_state: 20
          target: survived
          train_save_path: ./data/artifacts/train.parquet
          test_save_path: ./data/artifacts/test.parquet
    outs:
    - path: ./data/artifacts/test.parquet
      hash: md5
      md5: f53f9bc14b78ec35438d4b4b7d1f0260
      size: 15827
    - path: ./data/artifacts/train.parquet
      hash: md5
      md5: ffe93461b54745bebfbce6abbf2ebd00
      size: 33296
  prepare_features:
    cmd: python ./src/prepare_features.py
    deps:
    - path: ./data/artifacts/test.parquet
      hash: md5
      md5: f53f9bc14b78ec35438d4b4b7d1f0260
      size: 15827
    - path: ./data/artifacts/train.parquet
      hash: md5
      md5: ffe93461b54745bebfbce6abbf2ebd00
      size: 33296
    - path: ./src/prepare_features.py
      hash: md5
      md5: 28187a5b175bfdcf9bc93131c40a6c24
      size: 2957
    params:
      params.yaml:
        features:
          unique_id: name
          cat_vars:
          - embarked
          - sex
          cols_to_drop:
          - boat
          - body
          - cabin
          - home.dest
          num_vars:
          - age
          - fare
          - parch
          - pclass
          - sibsp
          - ticket
          preprocess_vars:
          - embarked
          - sex
          - ticket
          transform_output: pandas
          train_features_save_path: ./data/artifacts/train_features.parquet
          test_features_save_path: ./data/artifacts/test_features.parquet
          train_target_save_path: ./data/artifacts/train_target.parquet
          test_target_save_path: ./data/artifacts/test_target.parquet
    outs:
    - path: ./data/artifacts/test_features.parquet
      hash: md5
      md5: c7af795a266afb237cb37d4b94d95dae
      size: 11774
    - path: ./data/artifacts/test_target.parquet
      hash: md5
      md5: b507ede3db0c194b0987643047421f43
      size: 1335
    - path: ./data/artifacts/train_features.parquet
      hash: md5
      md5: 965965be1ca35d1f75aab82414427248
      size: 15189
    - path: ./data/artifacts/train_target.parquet
      hash: md5
      md5: 7c21984012598a9958a9ace53c21d51f
      size: 1423
  train_model:
    cmd: python ./src/train.py
    deps:
    - path: ./data/artifacts/test_features.parquet
      hash: md5
      md5: c7af795a266afb237cb37d4b94d95dae
      size: 11774
    - path: ./data/artifacts/train_features.parquet
      hash: md5
      md5: 965965be1ca35d1f75aab82414427248
      size: 15189
    - path: ./data/artifacts/train_target.parquet
      hash: md5
      md5: 7c21984012598a9958a9ace53c21d51f
      size: 1423
    - path: ./src/train.py
      hash: md5
      md5: ed5a29a701c6f02640e892dc77f8b1df
      size: 3473
    params:
      params.yaml:
        train:
          penalty: l2
          C: 1.0
          solver: lbfgs
          n_estimators: 35
          max_depth: 20
          n_splits: 10
          use_log_model: false
          trained_model_save_path: ./data/models/model_v1.joblib
    outs:
    - path: ./data/models/model_v1.joblib
      hash: md5
      md5: b0bed7ec3e3ee443d943609c4fba8064
      size: 1061369
  evaluate_model:
    cmd: python ./src/evaluate.py
    deps:
    - path: ./data/artifacts/test_features.parquet
      hash: md5
      md5: c7af795a266afb237cb37d4b94d95dae
      size: 11774
    - path: ./data/artifacts/test_target.parquet
      hash: md5
      md5: b507ede3db0c194b0987643047421f43
      size: 1335
    - path: ./data/models/model_v1.joblib
      hash: md5
      md5: b0bed7ec3e3ee443d943609c4fba8064
      size: 1061369
    - path: ./src/evaluate.py
      hash: md5
      md5: 41f4f0d0b81a6071ed449694ab65c693
      size: 1649
    params:
      params.yaml:
        evaluate:
          metrics_save_path: ./data/metrics/results.yaml
    outs:
    - path: ./data/metrics/results.yaml
      hash: md5
      md5: e175c187d48bf814fa6194bf7ddafaff
      size: 58
