schema: '2.0'
stages:
  prepare_data:
    cmd: python ./src/prepare_data.py
    deps:
    - path: ./data/titanic_data.csv
      hash: md5
      md5: 894507296df7bd91fd2d367a6489ccca
      size: 104076
    - path: ./src/prepare_data.py
      hash: md5
      md5: d4991b3a2d1fbf54f58bbc0e5fa68883
      size: 1067
    params:
      params.yaml:
        data:
          csv_file_path: ./data/titanic_data.csv
          test_size: 0.25
          random_state: 20
          target: survived
          train_save_path: ./data/artifacts/train.parquet
          test_save_path: ./data/artifacts/test.parquet
    outs:
    - path: ./data/artifacts/test.parquet
      hash: md5
      md5: f53f9bc14b78ec35438d4b4b7d1f0260
      size: 15827
    - path: ./data/artifacts/train.parquet
      hash: md5
      md5: ffe93461b54745bebfbce6abbf2ebd00
      size: 33296
  prepare_features:
    cmd: python ./src/prepare_features.py
    deps:
    - path: ./data/artifacts/test.parquet
      hash: md5
      md5: f53f9bc14b78ec35438d4b4b7d1f0260
      size: 15827
    - path: ./data/artifacts/train.parquet
      hash: md5
      md5: ffe93461b54745bebfbce6abbf2ebd00
      size: 33296
    - path: ./src/prepare_features.py
      hash: md5
      md5: 76dc3c8d2ea157473b0ab8f6b8110dac
      size: 3337
    params:
      params.yaml:
        features:
          unique_id: name
          cat_vars:
          - embarked
          - sex
          cols_to_drop:
          - boat
          - body
          - cabin
          - home.dest
          num_vars:
          - age
          - fare
          - parch
          - pclass
          - sibsp
          - ticket
          preprocess_vars:
          - embarked
          - sex
          - ticket
          transform_output: pandas
          train_features_save_path: ./data/artifacts/train_features.parquet
          test_features_save_path: ./data/artifacts/test_features.parquet
          train_target_save_path: ./data/artifacts/train_target.parquet
          test_target_save_path: ./data/artifacts/test_target.parquet
    outs:
    - path: ./data/artifacts/test_features.parquet
      hash: md5
      md5: f9070361662a09b090b2d8f97c32baea
      size: 11774
    - path: ./data/artifacts/test_target.parquet
      hash: md5
      md5: f6a5494dc51ecd2691916fa331622b02
      size: 1335
    - path: ./data/artifacts/train_features.parquet
      hash: md5
      md5: 5cc75b1dc415328b3d04568b97cf0470
      size: 20632
    - path: ./data/artifacts/train_target.parquet
      hash: md5
      md5: d987214c510d0c3d2dcf667a97cd834b
      size: 1415
  train_model:
    cmd: python ./src/train.py
    deps:
    - path: ./data/artifacts/test_features.parquet
      hash: md5
      md5: f9070361662a09b090b2d8f97c32baea
      size: 11774
    - path: ./data/artifacts/train_features.parquet
      hash: md5
      md5: 5cc75b1dc415328b3d04568b97cf0470
      size: 20632
    - path: ./data/artifacts/train_target.parquet
      hash: md5
      md5: d987214c510d0c3d2dcf667a97cd834b
      size: 1415
    - path: ./src/train.py
      hash: md5
      md5: bccba3edfec4cc788172d1e27e78b017
      size: 3199
    params:
      params.yaml:
        train:
          penalty: l2
          C: 1.0
          solver: lbfgs
          n_estimators: 35
          max_depth: 20
          n_splits: 10
          use_log_model: false
          trained_model_save_path: ./data/models/model_v1.joblib
    outs:
    - path: ./data/models/model_v1.joblib
      hash: md5
      md5: 33a47e1a0fcfba0eb7dedc340afe9cac
      size: 1007449
  evaluate_model:
    cmd: python ./src/evaluate.py
    deps:
    - path: ./data/artifacts/test_features.parquet
      hash: md5
      md5: f9070361662a09b090b2d8f97c32baea
      size: 11774
    - path: ./data/artifacts/test_target.parquet
      hash: md5
      md5: f6a5494dc51ecd2691916fa331622b02
      size: 1335
    - path: ./data/models/model_v1.joblib
      hash: md5
      md5: 33a47e1a0fcfba0eb7dedc340afe9cac
      size: 1007449
    - path: ./src/evaluate.py
      hash: md5
      md5: 41f4f0d0b81a6071ed449694ab65c693
      size: 1649
    params:
      params.yaml:
        evaluate:
          metrics_save_path: ./data/metrics/results.yaml
    outs:
    - path: ./data/metrics/results.yaml
      hash: md5
      md5: 75c393eb541eac58154c8b6234bc4355
      size: 56
